
Microsoft Visual Studio Solution File, Format Version 12.00
# Visual Studio Version 17
VisualStudioVersion = 17.10.35027.167
MinimumVisualStudioVersion = 10.0.40219.1
Project("{9A19103F-16F7-4668-BE54-9A1E7A4F7556}") = "WinSleepWell", "WinSleepWell\WinSleepWell.csproj", "{C1933922-AF9B-4D12-B1C5-E563C04EFED2}"
EndProject
Project("{2150E333-8FDC-42A3-9474-1A3956D46DE8}") = "ソリューション項目", "ソリューション項目", "{085731D3-F91E-41C6-91D6-4C356C542944}"
	ProjectSection(SolutionItems) = preProject
		../.gitignore = ../.gitignore
		../build.ps1 = ../build.ps1
		../README.md = ../README.md
		../README-ja.md = ../README-ja.md
		../LICENSE = ../LICENSE
		../CONTRIBUTING.md = ../CONTRIBUTING.md
	EndProjectSection
EndProject
Global
	GlobalSection(SolutionConfigurationPlatforms) = preSolution
		Debug|Any CPU = Debug|Any CPU
		Release|Any CPU = Release|Any CPU
	EndGlobalSection
	GlobalSection(ProjectConfigurationPlatforms) = postSolution
		{C1933922-AF9B-4D12-B1C5-E563C04EFED2}.Debug|Any CPU.ActiveCfg = Debug|Any CPU
		{C1933922-AF9B-4D12-B1C5-E563C04EFED2}.Debug|Any CPU.Build.0 = Debug|Any CPU
		{C1933922-AF9B-4D12-B1C5-E563C04EFED2}.Release|Any CPU.ActiveCfg = Release|Any CPU
		{C1933922-AF9B-4D12-B1C5-E563C04EFED2}.Release|Any CPU.Build.0 = Release|Any CPU
	EndGlobalSection
	GlobalSection(SolutionProperties) = preSolution
		HideSolutionNode = FALSE
	EndGlobalSection
	GlobalSection(ExtensibilityGlobals) = postSolution
		SolutionGuid = {BCCB5E16-C573-4F49-B806-EA9E141F8F5A}
	EndGlobalSection
EndGlobal
